// !$*UTF8*$!
{
	archiveVersion = 1;
	classes = {
	};
	objectVersion = 55;
	objects = {

/* Begin PBXBuildFile section */
		424260B02A485D4600885547 /* ControlsCatalogViewController.swift in Sources */ = {isa = PBXBuildFile; fileRef = 424260AF2A485D4600885547 /* ControlsCatalogViewController.swift */; };
		424260B22A485DDC00885547 /* ButtonsViewModel.swift in Sources */ = {isa = PBXBuildFile; fileRef = 424260B12A485DDC00885547 /* ButtonsViewModel.swift */; };
		424260B52A48B4D500885547 /* ButtonsViewController.swift in Sources */ = {isa = PBXBuildFile; fileRef = 424260B42A48B4D500885547 /* ButtonsViewController.swift */; };
		4244D3162842788D00FC0BD8 /* AppDelegate.swift in Sources */ = {isa = PBXBuildFile; fileRef = 4244D3152842788D00FC0BD8 /* AppDelegate.swift */; };
		4244D31A2842788D00FC0BD8 /* CatalogViewController.swift in Sources */ = {isa = PBXBuildFile; fileRef = 4244D3192842788D00FC0BD8 /* CatalogViewController.swift */; };
		4244D31F2842788E00FC0BD8 /* Assets.xcassets in Resources */ = {isa = PBXBuildFile; fileRef = 4244D31E2842788E00FC0BD8 /* Assets.xcassets */; };
		4244D3222842788E00FC0BD8 /* LaunchScreen.storyboard in Resources */ = {isa = PBXBuildFile; fileRef = 4244D3202842788E00FC0BD8 /* LaunchScreen.storyboard */; };
		4244D36C2843A59500FC0BD8 /* FlowUI.framework in Frameworks */ = {isa = PBXBuildFile; fileRef = 4244D36B2843A59500FC0BD8 /* FlowUI.framework */; };
		4244D36D2843A59500FC0BD8 /* FlowUI.framework in Embed Frameworks */ = {isa = PBXBuildFile; fileRef = 4244D36B2843A59500FC0BD8 /* FlowUI.framework */; settings = {ATTRIBUTES = (CodeSignOnCopy, RemoveHeadersOnCopy, ); }; };
		4244D3732843A91300FC0BD8 /* StacksViewController.swift in Sources */ = {isa = PBXBuildFile; fileRef = 4244D3722843A91300FC0BD8 /* StacksViewController.swift */; };
		4244D3752843A99A00FC0BD8 /* CatalogCell.swift in Sources */ = {isa = PBXBuildFile; fileRef = 4244D3742843A99A00FC0BD8 /* CatalogCell.swift */; };
		4244D3792843AA6400FC0BD8 /* UITableView+Convenience.swift in Sources */ = {isa = PBXBuildFile; fileRef = 4244D3782843AA6400FC0BD8 /* UITableView+Convenience.swift */; };
		4244D3832844043800FC0BD8 /* MiscViewController.swift in Sources */ = {isa = PBXBuildFile; fileRef = 4244D3822844043800FC0BD8 /* MiscViewController.swift */; };
		4249F51229717F700095312E /* ImagesViewController.swift in Sources */ = {isa = PBXBuildFile; fileRef = 4249F51129717F700095312E /* ImagesViewController.swift */; };
		4249F5142971825A0095312E /* UIImage+Resources.swift in Sources */ = {isa = PBXBuildFile; fileRef = 4249F5132971825A0095312E /* UIImage+Resources.swift */; };
		428AC8DE2A49726B008C1FCC /* OtherControlsViewController.swift in Sources */ = {isa = PBXBuildFile; fileRef = 428AC8DD2A49726B008C1FCC /* OtherControlsViewController.swift */; };
		428C90E12A24AF7700C65EE4 /* MiscViewModel.swift in Sources */ = {isa = PBXBuildFile; fileRef = 428C90E02A24AF7700C65EE4 /* MiscViewModel.swift */; };
		42A8C3402939E1AA0054398E /* FlowUI+Adoption.swift in Sources */ = {isa = PBXBuildFile; fileRef = 42A8C33F2939E1AA0054398E /* FlowUI+Adoption.swift */; };
/* End PBXBuildFile section */

/* Begin PBXCopyFilesBuildPhase section */
		4244D36E2843A59500FC0BD8 /* Embed Frameworks */ = {
			isa = PBXCopyFilesBuildPhase;
			buildActionMask = 2147483647;
			dstPath = "";
			dstSubfolderSpec = 10;
			files = (
				4244D36D2843A59500FC0BD8 /* FlowUI.framework in Embed Frameworks */,
			);
			name = "Embed Frameworks";
			runOnlyForDeploymentPostprocessing = 0;
		};
/* End PBXCopyFilesBuildPhase section */

/* Begin PBXFileReference section */
		424260AF2A485D4600885547 /* ControlsCatalogViewController.swift */ = {isa = PBXFileReference; lastKnownFileType = sourcecode.swift; path = ControlsCatalogViewController.swift; sourceTree = "<group>"; };
		424260B12A485DDC00885547 /* ButtonsViewModel.swift */ = {isa = PBXFileReference; lastKnownFileType = sourcecode.swift; path = ButtonsViewModel.swift; sourceTree = "<group>"; };
		424260B42A48B4D500885547 /* ButtonsViewController.swift */ = {isa = PBXFileReference; lastKnownFileType = sourcecode.swift; path = ButtonsViewController.swift; sourceTree = "<group>"; };
		4244D3122842788D00FC0BD8 /* FlowUI-Example.app */ = {isa = PBXFileReference; explicitFileType = wrapper.application; includeInIndex = 0; path = "FlowUI-Example.app"; sourceTree = BUILT_PRODUCTS_DIR; };
		4244D3152842788D00FC0BD8 /* AppDelegate.swift */ = {isa = PBXFileReference; lastKnownFileType = sourcecode.swift; path = AppDelegate.swift; sourceTree = "<group>"; };
		4244D3192842788D00FC0BD8 /* CatalogViewController.swift */ = {isa = PBXFileReference; lastKnownFileType = sourcecode.swift; path = CatalogViewController.swift; sourceTree = "<group>"; };
		4244D31E2842788E00FC0BD8 /* Assets.xcassets */ = {isa = PBXFileReference; lastKnownFileType = folder.assetcatalog; path = Assets.xcassets; sourceTree = "<group>"; };
		4244D3212842788E00FC0BD8 /* Base */ = {isa = PBXFileReference; lastKnownFileType = file.storyboard; name = Base; path = Base.lproj/LaunchScreen.storyboard; sourceTree = "<group>"; };
		4244D3232842788E00FC0BD8 /* Info.plist */ = {isa = PBXFileReference; lastKnownFileType = text.plist.xml; path = Info.plist; sourceTree = "<group>"; };
		4244D36B2843A59500FC0BD8 /* FlowUI.framework */ = {isa = PBXFileReference; explicitFileType = wrapper.framework; path = FlowUI.framework; sourceTree = BUILT_PRODUCTS_DIR; };
		4244D3722843A91300FC0BD8 /* StacksViewController.swift */ = {isa = PBXFileReference; lastKnownFileType = sourcecode.swift; path = StacksViewController.swift; sourceTree = "<group>"; };
		4244D3742843A99A00FC0BD8 /* CatalogCell.swift */ = {isa = PBXFileReference; lastKnownFileType = sourcecode.swift; path = CatalogCell.swift; sourceTree = "<group>"; };
		4244D3782843AA6400FC0BD8 /* UITableView+Convenience.swift */ = {isa = PBXFileReference; lastKnownFileType = sourcecode.swift; path = "UITableView+Convenience.swift"; sourceTree = "<group>"; };
		4244D3822844043800FC0BD8 /* MiscViewController.swift */ = {isa = PBXFileReference; lastKnownFileType = sourcecode.swift; path = MiscViewController.swift; sourceTree = "<group>"; };
		4249F51129717F700095312E /* ImagesViewController.swift */ = {isa = PBXFileReference; lastKnownFileType = sourcecode.swift; path = ImagesViewController.swift; sourceTree = "<group>"; };
		4249F5132971825A0095312E /* UIImage+Resources.swift */ = {isa = PBXFileReference; lastKnownFileType = sourcecode.swift; path = "UIImage+Resources.swift"; sourceTree = "<group>"; };
		428AC8DD2A49726B008C1FCC /* OtherControlsViewController.swift */ = {isa = PBXFileReference; lastKnownFileType = sourcecode.swift; path = OtherControlsViewController.swift; sourceTree = "<group>"; };
		428C90E02A24AF7700C65EE4 /* MiscViewModel.swift */ = {isa = PBXFileReference; lastKnownFileType = sourcecode.swift; path = MiscViewModel.swift; sourceTree = "<group>"; };
		42A8C33F2939E1AA0054398E /* FlowUI+Adoption.swift */ = {isa = PBXFileReference; lastKnownFileType = sourcecode.swift; path = "FlowUI+Adoption.swift"; sourceTree = "<group>"; };
/* End PBXFileReference section */

/* Begin PBXFrameworksBuildPhase section */
		4244D30F2842788D00FC0BD8 /* Frameworks */ = {
			isa = PBXFrameworksBuildPhase;
			buildActionMask = 2147483647;
			files = (
				4244D36C2843A59500FC0BD8 /* FlowUI.framework in Frameworks */,
			);
			runOnlyForDeploymentPostprocessing = 0;
		};
/* End PBXFrameworksBuildPhase section */

/* Begin PBXGroup section */
		424260AE2A485D1A00885547 /* Controls */ = {
			isa = PBXGroup;
			children = (
				424260B32A48B4B900885547 /* Buttons */,
				428AC8DC2A496F7F008C1FCC /* OtherControls */,
				424260AF2A485D4600885547 /* ControlsCatalogViewController.swift */,
			);
			path = Controls;
			sourceTree = "<group>";
		};
		424260B32A48B4B900885547 /* Buttons */ = {
			isa = PBXGroup;
			children = (
				424260B12A485DDC00885547 /* ButtonsViewModel.swift */,
				424260B42A48B4D500885547 /* ButtonsViewController.swift */,
			);
			path = Buttons;
			sourceTree = "<group>";
		};
		4244D3092842788D00FC0BD8 = {
			isa = PBXGroup;
			children = (
				4244D3142842788D00FC0BD8 /* FlowUI-Example */,
				4244D3132842788D00FC0BD8 /* Products */,
				4244D36A2843A59500FC0BD8 /* Frameworks */,
			);
			sourceTree = "<group>";
		};
		4244D3132842788D00FC0BD8 /* Products */ = {
			isa = PBXGroup;
			children = (
				4244D3122842788D00FC0BD8 /* FlowUI-Example.app */,
			);
			name = Products;
			sourceTree = "<group>";
		};
		4244D3142842788D00FC0BD8 /* FlowUI-Example */ = {
			isa = PBXGroup;
			children = (
				4244D3292843A0ED00FC0BD8 /* App */,
				4244D3762843AA3800FC0BD8 /* Core */,
				4244D32A2843A0F600FC0BD8 /* Flows */,
				4244D32B2843A0FE00FC0BD8 /* Resources */,
				4244D3842844077400FC0BD8 /* Supporting Files */,
			);
			path = "FlowUI-Example";
			sourceTree = "<group>";
		};
		4244D3292843A0ED00FC0BD8 /* App */ = {
			isa = PBXGroup;
			children = (
				4244D3152842788D00FC0BD8 /* AppDelegate.swift */,
			);
			path = App;
			sourceTree = "<group>";
		};
		4244D32A2843A0F600FC0BD8 /* Flows */ = {
			isa = PBXGroup;
			children = (
				4244D32C2843A14F00FC0BD8 /* Catalog */,
				4244D36F2843A8B100FC0BD8 /* Stacks */,
				4249F51029717F2D0095312E /* Images */,
				424260AE2A485D1A00885547 /* Controls */,
				4244D3812844041200FC0BD8 /* Misc */,
			);
			path = Flows;
			sourceTree = "<group>";
		};
		4244D32B2843A0FE00FC0BD8 /* Resources */ = {
			isa = PBXGroup;
			children = (
				4244D31E2842788E00FC0BD8 /* Assets.xcassets */,
				4244D3202842788E00FC0BD8 /* LaunchScreen.storyboard */,
			);
			path = Resources;
			sourceTree = "<group>";
		};
		4244D32C2843A14F00FC0BD8 /* Catalog */ = {
			isa = PBXGroup;
			children = (
				4244D3742843A99A00FC0BD8 /* CatalogCell.swift */,
				4244D3192842788D00FC0BD8 /* CatalogViewController.swift */,
			);
			path = Catalog;
			sourceTree = "<group>";
		};
		4244D36A2843A59500FC0BD8 /* Frameworks */ = {
			isa = PBXGroup;
			children = (
				4244D36B2843A59500FC0BD8 /* FlowUI.framework */,
			);
			name = Frameworks;
			sourceTree = "<group>";
		};
		4244D36F2843A8B100FC0BD8 /* Stacks */ = {
			isa = PBXGroup;
			children = (
				4244D3722843A91300FC0BD8 /* StacksViewController.swift */,
			);
			path = Stacks;
			sourceTree = "<group>";
		};
		4244D3762843AA3800FC0BD8 /* Core */ = {
			isa = PBXGroup;
			children = (
				4244D3772843AA4300FC0BD8 /* Extensions */,
			);
			path = Core;
			sourceTree = "<group>";
		};
		4244D3772843AA4300FC0BD8 /* Extensions */ = {
			isa = PBXGroup;
			children = (
				42A8C33F2939E1AA0054398E /* FlowUI+Adoption.swift */,
				4244D3782843AA6400FC0BD8 /* UITableView+Convenience.swift */,
				4249F5132971825A0095312E /* UIImage+Resources.swift */,
			);
			path = Extensions;
			sourceTree = "<group>";
		};
		4244D3812844041200FC0BD8 /* Misc */ = {
			isa = PBXGroup;
			children = (
				428C90E02A24AF7700C65EE4 /* MiscViewModel.swift */,
				4244D3822844043800FC0BD8 /* MiscViewController.swift */,
			);
			path = Misc;
			sourceTree = "<group>";
		};
		4244D3842844077400FC0BD8 /* Supporting Files */ = {
			isa = PBXGroup;
			children = (
				4244D3232842788E00FC0BD8 /* Info.plist */,
			);
			name = "Supporting Files";
			sourceTree = "<group>";
		};
		4249F51029717F2D0095312E /* Images */ = {
			isa = PBXGroup;
			children = (
				4249F51129717F700095312E /* ImagesViewController.swift */,
			);
			path = Images;
			sourceTree = "<group>";
		};
		428AC8DC2A496F7F008C1FCC /* OtherControls */ = {
			isa = PBXGroup;
			children = (
				428AC8DD2A49726B008C1FCC /* OtherControlsViewController.swift */,
			);
			path = OtherControls;
			sourceTree = "<group>";
		};
/* End PBXGroup section */

/* Begin PBXNativeTarget section */
		4244D3112842788D00FC0BD8 /* FlowUI-Example */ = {
			isa = PBXNativeTarget;
			buildConfigurationList = 4244D3262842788E00FC0BD8 /* Build configuration list for PBXNativeTarget "FlowUI-Example" */;
			buildPhases = (
				4244D30E2842788D00FC0BD8 /* Sources */,
				4244D30F2842788D00FC0BD8 /* Frameworks */,
				4244D3102842788D00FC0BD8 /* Resources */,
				4244D36E2843A59500FC0BD8 /* Embed Frameworks */,
			);
			buildRules = (
			);
			dependencies = (
			);
			name = "FlowUI-Example";
			productName = "FlowUI-Example";
			productReference = 4244D3122842788D00FC0BD8 /* FlowUI-Example.app */;
			productType = "com.apple.product-type.application";
		};
/* End PBXNativeTarget section */

/* Begin PBXProject section */
		4244D30A2842788D00FC0BD8 /* Project object */ = {
			isa = PBXProject;
			attributes = {
				BuildIndependentTargetsInParallel = 1;
				LastSwiftUpdateCheck = 1340;
				LastUpgradeCheck = 1340;
				ORGANIZATIONNAME = "Dmitry Sochnev";
				TargetAttributes = {
					4244D3112842788D00FC0BD8 = {
						CreatedOnToolsVersion = 13.4;
					};
				};
			};
			buildConfigurationList = 4244D30D2842788D00FC0BD8 /* Build configuration list for PBXProject "FlowUI-Example" */;
			compatibilityVersion = "Xcode 13.0";
			developmentRegion = en;
			hasScannedForEncodings = 0;
			knownRegions = (
				en,
				Base,
			);
			mainGroup = 4244D3092842788D00FC0BD8;
			productRefGroup = 4244D3132842788D00FC0BD8 /* Products */;
			projectDirPath = "";
			projectRoot = "";
			targets = (
				4244D3112842788D00FC0BD8 /* FlowUI-Example */,
			);
		};
/* End PBXProject section */

/* Begin PBXResourcesBuildPhase section */
		4244D3102842788D00FC0BD8 /* Resources */ = {
			isa = PBXResourcesBuildPhase;
			buildActionMask = 2147483647;
			files = (
				4244D3222842788E00FC0BD8 /* LaunchScreen.storyboard in Resources */,
				4244D31F2842788E00FC0BD8 /* Assets.xcassets in Resources */,
			);
			runOnlyForDeploymentPostprocessing = 0;
		};
/* End PBXResourcesBuildPhase section */

/* Begin PBXSourcesBuildPhase section */
		4244D30E2842788D00FC0BD8 /* Sources */ = {
			isa = PBXSourcesBuildPhase;
			buildActionMask = 2147483647;
			files = (
				4249F5142971825A0095312E /* UIImage+Resources.swift in Sources */,
				4244D3792843AA6400FC0BD8 /* UITableView+Convenience.swift in Sources */,
				424260B22A485DDC00885547 /* ButtonsViewModel.swift in Sources */,
				428C90E12A24AF7700C65EE4 /* MiscViewModel.swift in Sources */,
				428AC8DE2A49726B008C1FCC /* OtherControlsViewController.swift in Sources */,
				4244D31A2842788D00FC0BD8 /* CatalogViewController.swift in Sources */,
				4249F51229717F700095312E /* ImagesViewController.swift in Sources */,
				424260B02A485D4600885547 /* ControlsCatalogViewController.swift in Sources */,
				4244D3832844043800FC0BD8 /* MiscViewController.swift in Sources */,
				424260B52A48B4D500885547 /* ButtonsViewController.swift in Sources */,
				4244D3162842788D00FC0BD8 /* AppDelegate.swift in Sources */,
				42A8C3402939E1AA0054398E /* FlowUI+Adoption.swift in Sources */,
				4244D3732843A91300FC0BD8 /* StacksViewController.swift in Sources */,
				4244D3752843A99A00FC0BD8 /* CatalogCell.swift in Sources */,
			);
			runOnlyForDeploymentPostprocessing = 0;
		};
/* End PBXSourcesBuildPhase section */

/* Begin PBXVariantGroup section */
		4244D3202842788E00FC0BD8 /* LaunchScreen.storyboard */ = {
			isa = PBXVariantGroup;
			children = (
				4244D3212842788E00FC0BD8 /* Base */,
			);
			name = LaunchScreen.storyboard;
			sourceTree = "<group>";
		};
/* End PBXVariantGroup section */

/* Begin XCBuildConfiguration section */
		4244D3242842788E00FC0BD8 /* Debug */ = {
			isa = XCBuildConfiguration;
			buildSettings = {
				ALWAYS_SEARCH_USER_PATHS = NO;
				CLANG_ANALYZER_NONNULL = YES;
				CLANG_ANALYZER_NUMBER_OBJECT_CONVERSION = YES_AGGRESSIVE;
				CLANG_CXX_LANGUAGE_STANDARD = "gnu++17";
				CLANG_ENABLE_MODULES = YES;
				CLANG_ENABLE_OBJC_ARC = YES;
				CLANG_ENABLE_OBJC_WEAK = YES;
				CLANG_WARN_BLOCK_CAPTURE_AUTORELEASING = YES;
				CLANG_WARN_BOOL_CONVERSION = YES;
				CLANG_WARN_COMMA = YES;
				CLANG_WARN_CONSTANT_CONVERSION = YES;
				CLANG_WARN_DEPRECATED_OBJC_IMPLEMENTATIONS = YES;
				CLANG_WARN_DIRECT_OBJC_ISA_USAGE = YES_ERROR;
				CLANG_WARN_DOCUMENTATION_COMMENTS = YES;
				CLANG_WARN_EMPTY_BODY = YES;
				CLANG_WARN_ENUM_CONVERSION = YES;
				CLANG_WARN_INFINITE_RECURSION = YES;
				CLANG_WARN_INT_CONVERSION = YES;
				CLANG_WARN_NON_LITERAL_NULL_CONVERSION = YES;
				CLANG_WARN_OBJC_IMPLICIT_RETAIN_SELF = YES;
				CLANG_WARN_OBJC_LITERAL_CONVERSION = YES;
				CLANG_WARN_OBJC_ROOT_CLASS = YES_ERROR;
				CLANG_WARN_QUOTED_INCLUDE_IN_FRAMEWORK_HEADER = YES;
				CLANG_WARN_RANGE_LOOP_ANALYSIS = YES;
				CLANG_WARN_STRICT_PROTOTYPES = YES;
				CLANG_WARN_SUSPICIOUS_MOVE = YES;
				CLANG_WARN_UNGUARDED_AVAILABILITY = YES_AGGRESSIVE;
				CLANG_WARN_UNREACHABLE_CODE = YES;
				CLANG_WARN__DUPLICATE_METHOD_MATCH = YES;
				COPY_PHASE_STRIP = NO;
				DEBUG_INFORMATION_FORMAT = dwarf;
				ENABLE_STRICT_OBJC_MSGSEND = YES;
				ENABLE_TESTABILITY = YES;
				GCC_C_LANGUAGE_STANDARD = gnu11;
				GCC_DYNAMIC_NO_PIC = NO;
				GCC_NO_COMMON_BLOCKS = YES;
				GCC_OPTIMIZATION_LEVEL = 0;
				GCC_PREPROCESSOR_DEFINITIONS = (
					"DEBUG=1",
					"$(inherited)",
				);
				GCC_WARN_64_TO_32_BIT_CONVERSION = YES;
				GCC_WARN_ABOUT_RETURN_TYPE = YES_ERROR;
				GCC_WARN_UNDECLARED_SELECTOR = YES;
				GCC_WARN_UNINITIALIZED_AUTOS = YES_AGGRESSIVE;
				GCC_WARN_UNUSED_FUNCTION = YES;
				GCC_WARN_UNUSED_VARIABLE = YES;
				IPHONEOS_DEPLOYMENT_TARGET = 15.5;
				MTL_ENABLE_DEBUG_INFO = INCLUDE_SOURCE;
				MTL_FAST_MATH = YES;
				ONLY_ACTIVE_ARCH = YES;
				SDKROOT = iphoneos;
				SWIFT_ACTIVE_COMPILATION_CONDITIONS = DEBUG;
				SWIFT_OPTIMIZATION_LEVEL = "-Onone";
			};
			name = Debug;
		};
		4244D3252842788E00FC0BD8 /* Release */ = {
			isa = XCBuildConfiguration;
			buildSettings = {
				ALWAYS_SEARCH_USER_PATHS = NO;
				CLANG_ANALYZER_NONNULL = YES;
				CLANG_ANALYZER_NUMBER_OBJECT_CONVERSION = YES_AGGRESSIVE;
				CLANG_CXX_LANGUAGE_STANDARD = "gnu++17";
				CLANG_ENABLE_MODULES = YES;
				CLANG_ENABLE_OBJC_ARC = YES;
				CLANG_ENABLE_OBJC_WEAK = YES;
				CLANG_WARN_BLOCK_CAPTURE_AUTORELEASING = YES;
				CLANG_WARN_BOOL_CONVERSION = YES;
				CLANG_WARN_COMMA = YES;
				CLANG_WARN_CONSTANT_CONVERSION = YES;
				CLANG_WARN_DEPRECATED_OBJC_IMPLEMENTATIONS = YES;
				CLANG_WARN_DIRECT_OBJC_ISA_USAGE = YES_ERROR;
				CLANG_WARN_DOCUMENTATION_COMMENTS = YES;
				CLANG_WARN_EMPTY_BODY = YES;
				CLANG_WARN_ENUM_CONVERSION = YES;
				CLANG_WARN_INFINITE_RECURSION = YES;
				CLANG_WARN_INT_CONVERSION = YES;
				CLANG_WARN_NON_LITERAL_NULL_CONVERSION = YES;
				CLANG_WARN_OBJC_IMPLICIT_RETAIN_SELF = YES;
				CLANG_WARN_OBJC_LITERAL_CONVERSION = YES;
				CLANG_WARN_OBJC_ROOT_CLASS = YES_ERROR;
				CLANG_WARN_QUOTED_INCLUDE_IN_FRAMEWORK_HEADER = YES;
				CLANG_WARN_RANGE_LOOP_ANALYSIS = YES;
				CLANG_WARN_STRICT_PROTOTYPES = YES;
				CLANG_WARN_SUSPICIOUS_MOVE = YES;
				CLANG_WARN_UNGUARDED_AVAILABILITY = YES_AGGRESSIVE;
				CLANG_WARN_UNREACHABLE_CODE = YES;
				CLANG_WARN__DUPLICATE_METHOD_MATCH = YES;
				COPY_PHASE_STRIP = NO;
				DEBUG_INFORMATION_FORMAT = "dwarf-with-dsym";
				ENABLE_NS_ASSERTIONS = NO;
				ENABLE_STRICT_OBJC_MSGSEND = YES;
				GCC_C_LANGUAGE_STANDARD = gnu11;
				GCC_NO_COMMON_BLOCKS = YES;
				GCC_WARN_64_TO_32_BIT_CONVERSION = YES;
				GCC_WARN_ABOUT_RETURN_TYPE = YES_ERROR;
				GCC_WARN_UNDECLARED_SELECTOR = YES;
				GCC_WARN_UNINITIALIZED_AUTOS = YES_AGGRESSIVE;
				GCC_WARN_UNUSED_FUNCTION = YES;
				GCC_WARN_UNUSED_VARIABLE = YES;
				IPHONEOS_DEPLOYMENT_TARGET = 15.5;
				MTL_ENABLE_DEBUG_INFO = NO;
				MTL_FAST_MATH = YES;
				SDKROOT = iphoneos;
				SWIFT_COMPILATION_MODE = wholemodule;
				SWIFT_OPTIMIZATION_LEVEL = "-O";
				VALIDATE_PRODUCT = YES;
			};
			name = Release;
		};
		4244D3272842788E00FC0BD8 /* Debug */ = {
			isa = XCBuildConfiguration;
			buildSettings = {
				ASSETCATALOG_COMPILER_APPICON_NAME = AppIcon;
				ASSETCATALOG_COMPILER_GLOBAL_ACCENT_COLOR_NAME = AccentColor;
				CODE_SIGN_STYLE = Automatic;
				CURRENT_PROJECT_VERSION = 1;
				GENERATE_INFOPLIST_FILE = YES;
				INFOPLIST_FILE = "FlowUI-Example/Info.plist";
				INFOPLIST_KEY_UIApplicationSupportsIndirectInputEvents = YES;
				INFOPLIST_KEY_UILaunchStoryboardName = LaunchScreen;
				INFOPLIST_KEY_UISupportedInterfaceOrientations_iPad = "UIInterfaceOrientationPortrait UIInterfaceOrientationPortraitUpsideDown UIInterfaceOrientationLandscapeLeft UIInterfaceOrientationLandscapeRight";
				INFOPLIST_KEY_UISupportedInterfaceOrientations_iPhone = "UIInterfaceOrientationPortrait UIInterfaceOrientationLandscapeLeft UIInterfaceOrientationLandscapeRight";
				IPHONEOS_DEPLOYMENT_TARGET = 13.0;
				LD_RUNPATH_SEARCH_PATHS = (
					"$(inherited)",
					"@executable_path/Frameworks",
				);
				MARKETING_VERSION = 1.0;
				PRODUCT_BUNDLE_IDENTIFIER = "com.x-app.FlowUI-Example";
				PRODUCT_NAME = "$(TARGET_NAME)";
				SWIFT_EMIT_LOC_STRINGS = YES;
				SWIFT_VERSION = 5.0;
				TARGETED_DEVICE_FAMILY = "1,2";
			};
			name = Debug;
		};
		4244D3282842788E00FC0BD8 /* Release */ = {
			isa = XCBuildConfiguration;
			buildSettings = {
				ASSETCATALOG_COMPILER_APPICON_NAME = AppIcon;
				ASSETCATALOG_COMPILER_GLOBAL_ACCENT_COLOR_NAME = AccentColor;
				CODE_SIGN_STYLE = Automatic;
				CURRENT_PROJECT_VERSION = 1;
				GENERATE_INFOPLIST_FILE = YES;
				INFOPLIST_FILE = "FlowUI-Example/Info.plist";
				INFOPLIST_KEY_UIApplicationSupportsIndirectInputEvents = YES;
				INFOPLIST_KEY_UILaunchStoryboardName = LaunchScreen;
				INFOPLIST_KEY_UISupportedInterfaceOrientations_iPad = "UIInterfaceOrientationPortrait UIInterfaceOrientationPortraitUpsideDown UIInterfaceOrientationLandscapeLeft UIInterfaceOrientationLandscapeRight";
				INFOPLIST_KEY_UISupportedInterfaceOrientations_iPhone = "UIInterfaceOrientationPortrait UIInterfaceOrientationLandscapeLeft UIInterfaceOrientationLandscapeRight";
				IPHONEOS_DEPLOYMENT_TARGET = 13.0;
				LD_RUNPATH_SEARCH_PATHS = (
					"$(inherited)",
					"@executable_path/Frameworks",
				);
				MARKETING_VERSION = 1.0;
				PRODUCT_BUNDLE_IDENTIFIER = "com.x-app.FlowUI-Example";
				PRODUCT_NAME = "$(TARGET_NAME)";
				SWIFT_EMIT_LOC_STRINGS = YES;
				SWIFT_VERSION = 5.0;
				TARGETED_DEVICE_FAMILY = "1,2";
			};
			name = Release;
		};
/* End XCBuildConfiguration section */

/* Begin XCConfigurationList section */
		4244D30D2842788D00FC0BD8 /* Build configuration list for PBXProject "FlowUI-Example" */ = {
			isa = XCConfigurationList;
			buildConfigurations = (
				4244D3242842788E00FC0BD8 /* Debug */,
				4244D3252842788E00FC0BD8 /* Release */,
			);
			defaultConfigurationIsVisible = 0;
			defaultConfigurationName = Release;
		};
		4244D3262842788E00FC0BD8 /* Build configuration list for PBXNativeTarget "FlowUI-Example" */ = {
			isa = XCConfigurationList;
			buildConfigurations = (
				4244D3272842788E00FC0BD8 /* Debug */,
				4244D3282842788E00FC0BD8 /* Release */,
			);
			defaultConfigurationIsVisible = 0;
			defaultConfigurationName = Release;
		};
/* End XCConfigurationList section */
	};
	rootObject = 4244D30A2842788D00FC0BD8 /* Project object */;
}
